{
  "name": "quramate",
  "version": "1.2.2",
  "lockfileVersion": 3,
  "requires": true,
  "packages": {
    "": {
      "name": "quramate",
      "version": "1.2.2",
      "hasInstallScript": true,
      "license": "Apache-2.0",
      "os": [
        "win32",
        "darwin"
      ],
      "bin": {
        "quramate": "bin/quramate"
      },
      "engines": {
        "node": ">=16"
      }
    }
  }
}
